// !$*UTF8*$!
{
	archiveVersion = 1;
	classes = {
	};
	objectVersion = 56;
	objects = {

/* Begin PBXBuildFile section */
		C70B0C752A3385980058DAE3 /* ActivityList.storyboard in Resources */ = {isa = PBXBuildFile; fileRef = C70B0C742A3385980058DAE3 /* ActivityList.storyboard */; };
		C70B0C782A33AC6B0058DAE3 /* ActivityListInteractor.swift in Sources */ = {isa = PBXBuildFile; fileRef = C70B0C772A33AC6B0058DAE3 /* ActivityListInteractor.swift */; };
		C73D377D2A34BD9E006C1E82 /* FilterViewController.swift in Sources */ = {isa = PBXBuildFile; fileRef = C73D377C2A34BD9E006C1E82 /* FilterViewController.swift */; };
		C73D377F2A34F935006C1E82 /* FilterCell.swift in Sources */ = {isa = PBXBuildFile; fileRef = C73D377E2A34F935006C1E82 /* FilterCell.swift */; };
		C73D37832A351215006C1E82 /* BoredAppDataModel.xcdatamodeld in Sources */ = {isa = PBXBuildFile; fileRef = C73D37812A351215006C1E82 /* BoredAppDataModel.xcdatamodeld */; };
		C73D37852A35122C006C1E82 /* CoreDataManager.swift in Sources */ = {isa = PBXBuildFile; fileRef = C73D37842A35122C006C1E82 /* CoreDataManager.swift */; };
		C73D378E2A3513AD006C1E82 /* ActivityEntity+CoreDataProperties.swift in Sources */ = {isa = PBXBuildFile; fileRef = C73D378B2A351385006C1E82 /* ActivityEntity+CoreDataProperties.swift */; };
		C73D378F2A3513C4006C1E82 /* ActivityEntity+CoreDataClass.swift in Sources */ = {isa = PBXBuildFile; fileRef = C73D378A2A351385006C1E82 /* ActivityEntity+CoreDataClass.swift */; };
		C73DC1692A33703E00F2659B /* AppDelegate.swift in Sources */ = {isa = PBXBuildFile; fileRef = C73DC1682A33703E00F2659B /* AppDelegate.swift */; };
		C73DC16B2A33703E00F2659B /* SceneDelegate.swift in Sources */ = {isa = PBXBuildFile; fileRef = C73DC16A2A33703E00F2659B /* SceneDelegate.swift */; };
		C73DC16D2A33703E00F2659B /* ActivityListViewController.swift in Sources */ = {isa = PBXBuildFile; fileRef = C73DC16C2A33703E00F2659B /* ActivityListViewController.swift */; };
		C73DC1722A33703F00F2659B /* Assets.xcassets in Resources */ = {isa = PBXBuildFile; fileRef = C73DC1712A33703F00F2659B /* Assets.xcassets */; };
		C73DC1752A33703F00F2659B /* LaunchScreen.storyboard in Resources */ = {isa = PBXBuildFile; fileRef = C73DC1732A33703F00F2659B /* LaunchScreen.storyboard */; };
		C74862C32A3519B900BD0EC5 /* FilterActivityHeaderView.xib in Resources */ = {isa = PBXBuildFile; fileRef = C74862C22A3519B900BD0EC5 /* FilterActivityHeaderView.xib */; };
		C74862C82A3669CA00BD0EC5 /* Colors.swift in Sources */ = {isa = PBXBuildFile; fileRef = C74862C72A3669CA00BD0EC5 /* Colors.swift */; };
		C75C5A4B2A3373CB0090766E /* RemoteActivityLoader.swift in Sources */ = {isa = PBXBuildFile; fileRef = C75C5A4A2A3373CB0090766E /* RemoteActivityLoader.swift */; };
		C75C5A532A3377FE0090766E /* RemoteActivityLoaderTests.swift in Sources */ = {isa = PBXBuildFile; fileRef = C75C5A522A3377FE0090766E /* RemoteActivityLoaderTests.swift */; };
		C75C5A5D2A337C800090766E /* ActivityCodable.swift in Sources */ = {isa = PBXBuildFile; fileRef = C75C5A5B2A337C520090766E /* ActivityCodable.swift */; };
		C75C5A5F2A337E930090766E /* ClientHTTP.swift in Sources */ = {isa = PBXBuildFile; fileRef = C75C5A5E2A337E930090766E /* ClientHTTP.swift */; };
		C75C5A632A33839D0090766E /* ActivityCell.swift in Sources */ = {isa = PBXBuildFile; fileRef = C75C5A612A33839D0090766E /* ActivityCell.swift */; };
		C75C5A642A33839D0090766E /* ActivityCell.xib in Resources */ = {isa = PBXBuildFile; fileRef = C75C5A622A33839D0090766E /* ActivityCell.xib */; };
		C7E1BEEF2A34A76200693593 /* UIColor+Helpers.swift in Sources */ = {isa = PBXBuildFile; fileRef = C7E1BEEE2A34A76200693593 /* UIColor+Helpers.swift */; };
		C7E1BEF12A34A77900693593 /* UIView+Helpers.swift in Sources */ = {isa = PBXBuildFile; fileRef = C7E1BEF02A34A77900693593 /* UIView+Helpers.swift */; };
		C7E1BEF42A34ABC500693593 /* FilterActivityHeaderView.swift in Sources */ = {isa = PBXBuildFile; fileRef = C7E1BEF22A34ABC500693593 /* FilterActivityHeaderView.swift */; };
/* End PBXBuildFile section */

/* Begin PBXContainerItemProxy section */
		C75C5A542A3377FE0090766E /* PBXContainerItemProxy */ = {
			isa = PBXContainerItemProxy;
			containerPortal = C73DC15D2A33703E00F2659B /* Project object */;
			proxyType = 1;
			remoteGlobalIDString = C73DC1642A33703E00F2659B;
			remoteInfo = BoredApp;
		};
/* End PBXContainerItemProxy section */

/* Begin PBXFileReference section */
		C70B0C742A3385980058DAE3 /* ActivityList.storyboard */ = {isa = PBXFileReference; fileEncoding = 4; lastKnownFileType = file.storyboard; path = ActivityList.storyboard; sourceTree = "<group>"; };
		C70B0C772A33AC6B0058DAE3 /* ActivityListInteractor.swift */ = {isa = PBXFileReference; lastKnownFileType = sourcecode.swift; path = ActivityListInteractor.swift; sourceTree = "<group>"; };
		C73D377C2A34BD9E006C1E82 /* FilterViewController.swift */ = {isa = PBXFileReference; lastKnownFileType = sourcecode.swift; path = FilterViewController.swift; sourceTree = "<group>"; };
		C73D377E2A34F935006C1E82 /* FilterCell.swift */ = {isa = PBXFileReference; lastKnownFileType = sourcecode.swift; path = FilterCell.swift; sourceTree = "<group>"; };
		C73D37822A351215006C1E82 /* BoredAppDataModel.xcdatamodel */ = {isa = PBXFileReference; lastKnownFileType = wrapper.xcdatamodel; path = BoredAppDataModel.xcdatamodel; sourceTree = "<group>"; };
		C73D37842A35122C006C1E82 /* CoreDataManager.swift */ = {isa = PBXFileReference; lastKnownFileType = sourcecode.swift; path = CoreDataManager.swift; sourceTree = "<group>"; };
		C73D378A2A351385006C1E82 /* ActivityEntity+CoreDataClass.swift */ = {isa = PBXFileReference; fileEncoding = 4; lastKnownFileType = sourcecode.swift; path = "ActivityEntity+CoreDataClass.swift"; sourceTree = "<group>"; };
		C73D378B2A351385006C1E82 /* ActivityEntity+CoreDataProperties.swift */ = {isa = PBXFileReference; fileEncoding = 4; lastKnownFileType = sourcecode.swift; path = "ActivityEntity+CoreDataProperties.swift"; sourceTree = "<group>"; };
		C73DC1652A33703E00F2659B /* BoredApp.app */ = {isa = PBXFileReference; explicitFileType = wrapper.application; includeInIndex = 0; path = BoredApp.app; sourceTree = BUILT_PRODUCTS_DIR; };
		C73DC1682A33703E00F2659B /* AppDelegate.swift */ = {isa = PBXFileReference; lastKnownFileType = sourcecode.swift; path = AppDelegate.swift; sourceTree = "<group>"; };
		C73DC16A2A33703E00F2659B /* SceneDelegate.swift */ = {isa = PBXFileReference; lastKnownFileType = sourcecode.swift; path = SceneDelegate.swift; sourceTree = "<group>"; };
		C73DC16C2A33703E00F2659B /* ActivityListViewController.swift */ = {isa = PBXFileReference; lastKnownFileType = sourcecode.swift; path = ActivityListViewController.swift; sourceTree = "<group>"; };
		C73DC1712A33703F00F2659B /* Assets.xcassets */ = {isa = PBXFileReference; lastKnownFileType = folder.assetcatalog; path = Assets.xcassets; sourceTree = "<group>"; };
		C73DC1742A33703F00F2659B /* Base */ = {isa = PBXFileReference; lastKnownFileType = file.storyboard; name = Base; path = Base.lproj/LaunchScreen.storyboard; sourceTree = "<group>"; };
		C73DC1762A33703F00F2659B /* Info.plist */ = {isa = PBXFileReference; lastKnownFileType = text.plist.xml; path = Info.plist; sourceTree = "<group>"; };
		C74862C22A3519B900BD0EC5 /* FilterActivityHeaderView.xib */ = {isa = PBXFileReference; fileEncoding = 4; lastKnownFileType = file.xib; path = FilterActivityHeaderView.xib; sourceTree = "<group>"; };
		C74862C72A3669CA00BD0EC5 /* Colors.swift */ = {isa = PBXFileReference; lastKnownFileType = sourcecode.swift; path = Colors.swift; sourceTree = "<group>"; };
		C75C5A4A2A3373CB0090766E /* RemoteActivityLoader.swift */ = {isa = PBXFileReference; lastKnownFileType = sourcecode.swift; path = RemoteActivityLoader.swift; sourceTree = "<group>"; };
		C75C5A502A3377FE0090766E /* BoredAppTests.xctest */ = {isa = PBXFileReference; explicitFileType = wrapper.cfbundle; includeInIndex = 0; path = BoredAppTests.xctest; sourceTree = BUILT_PRODUCTS_DIR; };
		C75C5A522A3377FE0090766E /* RemoteActivityLoaderTests.swift */ = {isa = PBXFileReference; lastKnownFileType = sourcecode.swift; path = RemoteActivityLoaderTests.swift; sourceTree = "<group>"; };
		C75C5A5A2A337ADB0090766E /* Info.plist */ = {isa = PBXFileReference; lastKnownFileType = text.plist; path = Info.plist; sourceTree = "<group>"; };
		C75C5A5B2A337C520090766E /* ActivityCodable.swift */ = {isa = PBXFileReference; lastKnownFileType = sourcecode.swift; path = ActivityCodable.swift; sourceTree = "<group>"; };
		C75C5A5E2A337E930090766E /* ClientHTTP.swift */ = {isa = PBXFileReference; lastKnownFileType = sourcecode.swift; path = ClientHTTP.swift; sourceTree = "<group>"; };
		C75C5A612A33839D0090766E /* ActivityCell.swift */ = {isa = PBXFileReference; lastKnownFileType = sourcecode.swift; path = ActivityCell.swift; sourceTree = "<group>"; };
		C75C5A622A33839D0090766E /* ActivityCell.xib */ = {isa = PBXFileReference; lastKnownFileType = file.xib; path = ActivityCell.xib; sourceTree = "<group>"; };
		C7E1BEEE2A34A76200693593 /* UIColor+Helpers.swift */ = {isa = PBXFileReference; lastKnownFileType = sourcecode.swift; path = "UIColor+Helpers.swift"; sourceTree = "<group>"; };
		C7E1BEF02A34A77900693593 /* UIView+Helpers.swift */ = {isa = PBXFileReference; lastKnownFileType = sourcecode.swift; path = "UIView+Helpers.swift"; sourceTree = "<group>"; };
		C7E1BEF22A34ABC500693593 /* FilterActivityHeaderView.swift */ = {isa = PBXFileReference; lastKnownFileType = sourcecode.swift; path = FilterActivityHeaderView.swift; sourceTree = "<group>"; };
/* End PBXFileReference section */

/* Begin PBXFrameworksBuildPhase section */
		C73DC1622A33703E00F2659B /* Frameworks */ = {
			isa = PBXFrameworksBuildPhase;
			buildActionMask = 2147483647;
			files = (
			);
			runOnlyForDeploymentPostprocessing = 0;
		};
		C75C5A4D2A3377FE0090766E /* Frameworks */ = {
			isa = PBXFrameworksBuildPhase;
			buildActionMask = 2147483647;
			files = (
			);
			runOnlyForDeploymentPostprocessing = 0;
		};
/* End PBXFrameworksBuildPhase section */

/* Begin PBXGroup section */
		C70B0C762A338B710058DAE3 /* Business Logic */ = {
			isa = PBXGroup;
			children = (
				C73D37802A3511FE006C1E82 /* CoreData */,
				C75C5A492A3373AE0090766E /* RemoteLoader */,
				C70B0C772A33AC6B0058DAE3 /* ActivityListInteractor.swift */,
			);
			path = "Business Logic";
			sourceTree = "<group>";
		};
		C73D37802A3511FE006C1E82 /* CoreData */ = {
			isa = PBXGroup;
			children = (
				C73D378A2A351385006C1E82 /* ActivityEntity+CoreDataClass.swift */,
				C73D378B2A351385006C1E82 /* ActivityEntity+CoreDataProperties.swift */,
				C73D37812A351215006C1E82 /* BoredAppDataModel.xcdatamodeld */,
				C73D37842A35122C006C1E82 /* CoreDataManager.swift */,
			);
			path = CoreData;
			sourceTree = "<group>";
		};
		C73D37932A351908006C1E82 /* Resources */ = {
			isa = PBXGroup;
			children = (
				C73DC1712A33703F00F2659B /* Assets.xcassets */,
				C73DC1732A33703F00F2659B /* LaunchScreen.storyboard */,
				C73DC1762A33703F00F2659B /* Info.plist */,
			);
			path = Resources;
			sourceTree = "<group>";
		};
		C73D37942A351953006C1E82 /* Scenes */ = {
			isa = PBXGroup;
			children = (
				C73DC17C2A33722400F2659B /* ActivityList */,
				C7E1BEF62A34BB0B00693593 /* ActivityFilter */,
			);
			path = Scenes;
			sourceTree = "<group>";
		};
		C73D37952A35197A006C1E82 /* User Interface */ = {
			isa = PBXGroup;
			children = (
				C74862C22A3519B900BD0EC5 /* FilterActivityHeaderView.xib */,
				C7E1BEF22A34ABC500693593 /* FilterActivityHeaderView.swift */,
				C73D377C2A34BD9E006C1E82 /* FilterViewController.swift */,
				C73D377E2A34F935006C1E82 /* FilterCell.swift */,
			);
			path = "User Interface";
			sourceTree = "<group>";
		};
		C73D37962A351983006C1E82 /* Business Logic */ = {
			isa = PBXGroup;
			children = (
			);
			path = "Business Logic";
			sourceTree = "<group>";
		};
		C73DC15C2A33703E00F2659B = {
			isa = PBXGroup;
			children = (
				C73DC1672A33703E00F2659B /* BoredApp */,
				C75C5A512A3377FE0090766E /* BoredAppTests */,
				C73DC1662A33703E00F2659B /* Products */,
			);
			sourceTree = "<group>";
		};
		C73DC1662A33703E00F2659B /* Products */ = {
			isa = PBXGroup;
			children = (
				C73DC1652A33703E00F2659B /* BoredApp.app */,
				C75C5A502A3377FE0090766E /* BoredAppTests.xctest */,
			);
			name = Products;
			sourceTree = "<group>";
		};
		C73DC1672A33703E00F2659B /* BoredApp */ = {
			isa = PBXGroup;
			children = (
				C74862C62A3669BC00BD0EC5 /* Utilities */,
				C73D37942A351953006C1E82 /* Scenes */,
				C73DC17D2A33725B00F2659B /* Application */,
				C7E1BEED2A34A74C00693593 /* Extensions */,
			);
			path = BoredApp;
			sourceTree = "<group>";
		};
		C73DC17C2A33722400F2659B /* ActivityList */ = {
			isa = PBXGroup;
			children = (
				C70B0C762A338B710058DAE3 /* Business Logic */,
				C75C5A602A3383740090766E /* UserInterface */,
			);
			path = ActivityList;
			sourceTree = "<group>";
		};
		C73DC17D2A33725B00F2659B /* Application */ = {
			isa = PBXGroup;
			children = (
				C73D37932A351908006C1E82 /* Resources */,
				C73DC1682A33703E00F2659B /* AppDelegate.swift */,
				C73DC16A2A33703E00F2659B /* SceneDelegate.swift */,
			);
			path = Application;
			sourceTree = "<group>";
		};
		C74862C62A3669BC00BD0EC5 /* Utilities */ = {
			isa = PBXGroup;
			children = (
				C74862C72A3669CA00BD0EC5 /* Colors.swift */,
			);
			path = Utilities;
			sourceTree = "<group>";
		};
		C75C5A492A3373AE0090766E /* RemoteLoader */ = {
			isa = PBXGroup;
			children = (
				C75C5A4A2A3373CB0090766E /* RemoteActivityLoader.swift */,
				C75C5A5B2A337C520090766E /* ActivityCodable.swift */,
				C75C5A5E2A337E930090766E /* ClientHTTP.swift */,
			);
			path = RemoteLoader;
			sourceTree = "<group>";
		};
		C75C5A512A3377FE0090766E /* BoredAppTests */ = {
			isa = PBXGroup;
			children = (
				C75C5A5A2A337ADB0090766E /* Info.plist */,
				C75C5A522A3377FE0090766E /* RemoteActivityLoaderTests.swift */,
			);
			path = BoredAppTests;
			sourceTree = "<group>";
		};
		C75C5A602A3383740090766E /* UserInterface */ = {
			isa = PBXGroup;
			children = (
				C70B0C742A3385980058DAE3 /* ActivityList.storyboard */,
				C73DC16C2A33703E00F2659B /* ActivityListViewController.swift */,
				C75C5A612A33839D0090766E /* ActivityCell.swift */,
				C75C5A622A33839D0090766E /* ActivityCell.xib */,
			);
			path = UserInterface;
			sourceTree = "<group>";
		};
		C7E1BEED2A34A74C00693593 /* Extensions */ = {
			isa = PBXGroup;
			children = (
				C7E1BEEE2A34A76200693593 /* UIColor+Helpers.swift */,
				C7E1BEF02A34A77900693593 /* UIView+Helpers.swift */,
			);
			path = Extensions;
			sourceTree = "<group>";
		};
		C7E1BEF62A34BB0B00693593 /* ActivityFilter */ = {
			isa = PBXGroup;
			children = (
				C73D37962A351983006C1E82 /* Business Logic */,
				C73D37952A35197A006C1E82 /* User Interface */,
			);
			path = ActivityFilter;
			sourceTree = "<group>";
		};
/* End PBXGroup section */

/* Begin PBXNativeTarget section */
		C73DC1642A33703E00F2659B /* BoredApp */ = {
			isa = PBXNativeTarget;
			buildConfigurationList = C73DC1792A33703F00F2659B /* Build configuration list for PBXNativeTarget "BoredApp" */;
			buildPhases = (
				C73DC1612A33703E00F2659B /* Sources */,
				C73DC1622A33703E00F2659B /* Frameworks */,
				C73DC1632A33703E00F2659B /* Resources */,
			);
			buildRules = (
			);
			dependencies = (
			);
			name = BoredApp;
			productName = BoredApp;
			productReference = C73DC1652A33703E00F2659B /* BoredApp.app */;
			productType = "com.apple.product-type.application";
		};
		C75C5A4F2A3377FE0090766E /* BoredAppTests */ = {
			isa = PBXNativeTarget;
			buildConfigurationList = C75C5A562A3377FE0090766E /* Build configuration list for PBXNativeTarget "BoredAppTests" */;
			buildPhases = (
				C75C5A4C2A3377FE0090766E /* Sources */,
				C75C5A4D2A3377FE0090766E /* Frameworks */,
				C75C5A4E2A3377FE0090766E /* Resources */,
			);
			buildRules = (
			);
			dependencies = (
				C75C5A552A3377FE0090766E /* PBXTargetDependency */,
			);
			name = BoredAppTests;
			productName = BoredAppTests;
			productReference = C75C5A502A3377FE0090766E /* BoredAppTests.xctest */;
			productType = "com.apple.product-type.bundle.unit-test";
		};
/* End PBXNativeTarget section */

/* Begin PBXProject section */
		C73DC15D2A33703E00F2659B /* Project object */ = {
			isa = PBXProject;
			attributes = {
				BuildIndependentTargetsInParallel = 1;
				LastSwiftUpdateCheck = 1420;
				LastUpgradeCheck = 1420;
				TargetAttributes = {
					C73DC1642A33703E00F2659B = {
						CreatedOnToolsVersion = 14.2;
					};
					C75C5A4F2A3377FE0090766E = {
						CreatedOnToolsVersion = 14.2;
						TestTargetID = C73DC1642A33703E00F2659B;
					};
				};
			};
			buildConfigurationList = C73DC1602A33703E00F2659B /* Build configuration list for PBXProject "BoredApp" */;
			compatibilityVersion = "Xcode 14.0";
			developmentRegion = en;
			hasScannedForEncodings = 0;
			knownRegions = (
				en,
				Base,
			);
			mainGroup = C73DC15C2A33703E00F2659B;
			productRefGroup = C73DC1662A33703E00F2659B /* Products */;
			projectDirPath = "";
			projectRoot = "";
			targets = (
				C73DC1642A33703E00F2659B /* BoredApp */,
				C75C5A4F2A3377FE0090766E /* BoredAppTests */,
			);
		};
/* End PBXProject section */

/* Begin PBXResourcesBuildPhase section */
		C73DC1632A33703E00F2659B /* Resources */ = {
			isa = PBXResourcesBuildPhase;
			buildActionMask = 2147483647;
			files = (
				C74862C32A3519B900BD0EC5 /* FilterActivityHeaderView.xib in Resources */,
				C73DC1752A33703F00F2659B /* LaunchScreen.storyboard in Resources */,
				C73DC1722A33703F00F2659B /* Assets.xcassets in Resources */,
				C75C5A642A33839D0090766E /* ActivityCell.xib in Resources */,
				C70B0C752A3385980058DAE3 /* ActivityList.storyboard in Resources */,
			);
			runOnlyForDeploymentPostprocessing = 0;
		};
		C75C5A4E2A3377FE0090766E /* Resources */ = {
			isa = PBXResourcesBuildPhase;
			buildActionMask = 2147483647;
			files = (
			);
			runOnlyForDeploymentPostprocessing = 0;
		};
/* End PBXResourcesBuildPhase section */

/* Begin PBXSourcesBuildPhase section */
		C73DC1612A33703E00F2659B /* Sources */ = {
			isa = PBXSourcesBuildPhase;
			buildActionMask = 2147483647;
			files = (
				C7E1BEF12A34A77900693593 /* UIView+Helpers.swift in Sources */,
				C74862C82A3669CA00BD0EC5 /* Colors.swift in Sources */,
				C75C5A5F2A337E930090766E /* ClientHTTP.swift in Sources */,
				C73DC16D2A33703E00F2659B /* ActivityListViewController.swift in Sources */,
				C73D37852A35122C006C1E82 /* CoreDataManager.swift in Sources */,
				C75C5A4B2A3373CB0090766E /* RemoteActivityLoader.swift in Sources */,
				C73D37832A351215006C1E82 /* BoredAppDataModel.xcdatamodeld in Sources */,
				C70B0C782A33AC6B0058DAE3 /* ActivityListInteractor.swift in Sources */,
				C73D378E2A3513AD006C1E82 /* ActivityEntity+CoreDataProperties.swift in Sources */,
				C73D377F2A34F935006C1E82 /* FilterCell.swift in Sources */,
				C7E1BEEF2A34A76200693593 /* UIColor+Helpers.swift in Sources */,
				C73D377D2A34BD9E006C1E82 /* FilterViewController.swift in Sources */,
				C7E1BEF42A34ABC500693593 /* FilterActivityHeaderView.swift in Sources */,
				C75C5A5D2A337C800090766E /* ActivityCodable.swift in Sources */,
				C75C5A632A33839D0090766E /* ActivityCell.swift in Sources */,
				C73DC1692A33703E00F2659B /* AppDelegate.swift in Sources */,
				C73D378F2A3513C4006C1E82 /* ActivityEntity+CoreDataClass.swift in Sources */,
				C73DC16B2A33703E00F2659B /* SceneDelegate.swift in Sources */,
			);
			runOnlyForDeploymentPostprocessing = 0;
		};
		C75C5A4C2A3377FE0090766E /* Sources */ = {
			isa = PBXSourcesBuildPhase;
			buildActionMask = 2147483647;
			files = (
				C75C5A532A3377FE0090766E /* RemoteActivityLoaderTests.swift in Sources */,
			);
			runOnlyForDeploymentPostprocessing = 0;
		};
/* End PBXSourcesBuildPhase section */

/* Begin PBXTargetDependency section */
		C75C5A552A3377FE0090766E /* PBXTargetDependency */ = {
			isa = PBXTargetDependency;
			target = C73DC1642A33703E00F2659B /* BoredApp */;
			targetProxy = C75C5A542A3377FE0090766E /* PBXContainerItemProxy */;
		};
/* End PBXTargetDependency section */

/* Begin PBXVariantGroup section */
		C73DC1732A33703F00F2659B /* LaunchScreen.storyboard */ = {
			isa = PBXVariantGroup;
			children = (
				C73DC1742A33703F00F2659B /* Base */,
			);
			name = LaunchScreen.storyboard;
			sourceTree = "<group>";
		};
/* End PBXVariantGroup section */

/* Begin XCBuildConfiguration section */
		C73DC1772A33703F00F2659B /* Debug */ = {
			isa = XCBuildConfiguration;
			buildSettings = {
				ALWAYS_SEARCH_USER_PATHS = NO;
				CLANG_ANALYZER_NONNULL = YES;
				CLANG_ANALYZER_NUMBER_OBJECT_CONVERSION = YES_AGGRESSIVE;
				CLANG_CXX_LANGUAGE_STANDARD = "gnu++20";
				CLANG_ENABLE_MODULES = YES;
				CLANG_ENABLE_OBJC_ARC = YES;
				CLANG_ENABLE_OBJC_WEAK = YES;
				CLANG_WARN_BLOCK_CAPTURE_AUTORELEASING = YES;
				CLANG_WARN_BOOL_CONVERSION = YES;
				CLANG_WARN_COMMA = YES;
				CLANG_WARN_CONSTANT_CONVERSION = YES;
				CLANG_WARN_DEPRECATED_OBJC_IMPLEMENTATIONS = YES;
				CLANG_WARN_DIRECT_OBJC_ISA_USAGE = YES_ERROR;
				CLANG_WARN_DOCUMENTATION_COMMENTS = YES;
				CLANG_WARN_EMPTY_BODY = YES;
				CLANG_WARN_ENUM_CONVERSION = YES;
				CLANG_WARN_INFINITE_RECURSION = YES;
				CLANG_WARN_INT_CONVERSION = YES;
				CLANG_WARN_NON_LITERAL_NULL_CONVERSION = YES;
				CLANG_WARN_OBJC_IMPLICIT_RETAIN_SELF = YES;
				CLANG_WARN_OBJC_LITERAL_CONVERSION = YES;
				CLANG_WARN_OBJC_ROOT_CLASS = YES_ERROR;
				CLANG_WARN_QUOTED_INCLUDE_IN_FRAMEWORK_HEADER = YES;
				CLANG_WARN_RANGE_LOOP_ANALYSIS = YES;
				CLANG_WARN_STRICT_PROTOTYPES = YES;
				CLANG_WARN_SUSPICIOUS_MOVE = YES;
				CLANG_WARN_UNGUARDED_AVAILABILITY = YES_AGGRESSIVE;
				CLANG_WARN_UNREACHABLE_CODE = YES;
				CLANG_WARN__DUPLICATE_METHOD_MATCH = YES;
				COPY_PHASE_STRIP = NO;
				DEBUG_INFORMATION_FORMAT = dwarf;
				ENABLE_STRICT_OBJC_MSGSEND = YES;
				ENABLE_TESTABILITY = YES;
				GCC_C_LANGUAGE_STANDARD = gnu11;
				GCC_DYNAMIC_NO_PIC = NO;
				GCC_NO_COMMON_BLOCKS = YES;
				GCC_OPTIMIZATION_LEVEL = 0;
				GCC_PREPROCESSOR_DEFINITIONS = (
					"DEBUG=1",
					"$(inherited)",
				);
				GCC_WARN_64_TO_32_BIT_CONVERSION = YES;
				GCC_WARN_ABOUT_RETURN_TYPE = YES_ERROR;
				GCC_WARN_UNDECLARED_SELECTOR = YES;
				GCC_WARN_UNINITIALIZED_AUTOS = YES_AGGRESSIVE;
				GCC_WARN_UNUSED_FUNCTION = YES;
				GCC_WARN_UNUSED_VARIABLE = YES;
				IPHONEOS_DEPLOYMENT_TARGET = 16.2;
				MTL_ENABLE_DEBUG_INFO = INCLUDE_SOURCE;
				MTL_FAST_MATH = YES;
				ONLY_ACTIVE_ARCH = YES;
				SDKROOT = iphoneos;
				SWIFT_ACTIVE_COMPILATION_CONDITIONS = DEBUG;
				SWIFT_OPTIMIZATION_LEVEL = "-Onone";
			};
			name = Debug;
		};
		C73DC1782A33703F00F2659B /* Release */ = {
			isa = XCBuildConfiguration;
			buildSettings = {
				ALWAYS_SEARCH_USER_PATHS = NO;
				CLANG_ANALYZER_NONNULL = YES;
				CLANG_ANALYZER_NUMBER_OBJECT_CONVERSION = YES_AGGRESSIVE;
				CLANG_CXX_LANGUAGE_STANDARD = "gnu++20";
				CLANG_ENABLE_MODULES = YES;
				CLANG_ENABLE_OBJC_ARC = YES;
				CLANG_ENABLE_OBJC_WEAK = YES;
				CLANG_WARN_BLOCK_CAPTURE_AUTORELEASING = YES;
				CLANG_WARN_BOOL_CONVERSION = YES;
				CLANG_WARN_COMMA = YES;
				CLANG_WARN_CONSTANT_CONVERSION = YES;
				CLANG_WARN_DEPRECATED_OBJC_IMPLEMENTATIONS = YES;
				CLANG_WARN_DIRECT_OBJC_ISA_USAGE = YES_ERROR;
				CLANG_WARN_DOCUMENTATION_COMMENTS = YES;
				CLANG_WARN_EMPTY_BODY = YES;
				CLANG_WARN_ENUM_CONVERSION = YES;
				CLANG_WARN_INFINITE_RECURSION = YES;
				CLANG_WARN_INT_CONVERSION = YES;
				CLANG_WARN_NON_LITERAL_NULL_CONVERSION = YES;
				CLANG_WARN_OBJC_IMPLICIT_RETAIN_SELF = YES;
				CLANG_WARN_OBJC_LITERAL_CONVERSION = YES;
				CLANG_WARN_OBJC_ROOT_CLASS = YES_ERROR;
				CLANG_WARN_QUOTED_INCLUDE_IN_FRAMEWORK_HEADER = YES;
				CLANG_WARN_RANGE_LOOP_ANALYSIS = YES;
				CLANG_WARN_STRICT_PROTOTYPES = YES;
				CLANG_WARN_SUSPICIOUS_MOVE = YES;
				CLANG_WARN_UNGUARDED_AVAILABILITY = YES_AGGRESSIVE;
				CLANG_WARN_UNREACHABLE_CODE = YES;
				CLANG_WARN__DUPLICATE_METHOD_MATCH = YES;
				COPY_PHASE_STRIP = NO;
				DEBUG_INFORMATION_FORMAT = "dwarf-with-dsym";
				ENABLE_NS_ASSERTIONS = NO;
				ENABLE_STRICT_OBJC_MSGSEND = YES;
				GCC_C_LANGUAGE_STANDARD = gnu11;
				GCC_NO_COMMON_BLOCKS = YES;
				GCC_WARN_64_TO_32_BIT_CONVERSION = YES;
				GCC_WARN_ABOUT_RETURN_TYPE = YES_ERROR;
				GCC_WARN_UNDECLARED_SELECTOR = YES;
				GCC_WARN_UNINITIALIZED_AUTOS = YES_AGGRESSIVE;
				GCC_WARN_UNUSED_FUNCTION = YES;
				GCC_WARN_UNUSED_VARIABLE = YES;
				IPHONEOS_DEPLOYMENT_TARGET = 16.2;
				MTL_ENABLE_DEBUG_INFO = NO;
				MTL_FAST_MATH = YES;
				SDKROOT = iphoneos;
				SWIFT_COMPILATION_MODE = wholemodule;
				SWIFT_OPTIMIZATION_LEVEL = "-O";
				VALIDATE_PRODUCT = YES;
			};
			name = Release;
		};
		C73DC17A2A33703F00F2659B /* Debug */ = {
			isa = XCBuildConfiguration;
			buildSettings = {
				ASSETCATALOG_COMPILER_APPICON_NAME = AppIcon;
				ASSETCATALOG_COMPILER_GLOBAL_ACCENT_COLOR_NAME = AccentColor;
				CODE_SIGN_ENTITLEMENTS = "";
				CODE_SIGN_STYLE = Automatic;
				CURRENT_PROJECT_VERSION = 1;
				DEVELOPMENT_TEAM = A5SHVFF2GG;
				GENERATE_INFOPLIST_FILE = YES;
				INFOPLIST_FILE = BoredApp/Application/Resources/Info.plist;
				INFOPLIST_KEY_UIApplicationSupportsIndirectInputEvents = YES;
				INFOPLIST_KEY_UILaunchStoryboardName = LaunchScreen;
				INFOPLIST_KEY_UIMainStoryboardFile = ActivityList;
				INFOPLIST_KEY_UIRequiresFullScreen = NO;
				INFOPLIST_KEY_UIStatusBarStyle = UIStatusBarStyleDarkContent;
				INFOPLIST_KEY_UISupportedInterfaceOrientations_iPad = "UIInterfaceOrientationPortrait UIInterfaceOrientationPortraitUpsideDown UIInterfaceOrientationLandscapeLeft UIInterfaceOrientationLandscapeRight";
				INFOPLIST_KEY_UISupportedInterfaceOrientations_iPhone = "UIInterfaceOrientationPortrait UIInterfaceOrientationLandscapeLeft UIInterfaceOrientationLandscapeRight";
				IPHONEOS_DEPLOYMENT_TARGET = 16.0;
				LD_RUNPATH_SEARCH_PATHS = (
					"$(inherited)",
					"@executable_path/Frameworks",
				);
				MARKETING_VERSION = 1.0;
				PRODUCT_BUNDLE_IDENTIFIER = trio.challenge.marcelocarvalho.com.BoredAppNo;
				PRODUCT_NAME = "$(TARGET_NAME)";
				SWIFT_EMIT_LOC_STRINGS = YES;
				SWIFT_VERSION = 5.0;
				TARGETED_DEVICE_FAMILY = "1,2";
			};
			name = Debug;
		};
		C73DC17B2A33703F00F2659B /* Release */ = {
			isa = XCBuildConfiguration;
			buildSettings = {
				ASSETCATALOG_COMPILER_APPICON_NAME = AppIcon;
				ASSETCATALOG_COMPILER_GLOBAL_ACCENT_COLOR_NAME = AccentColor;
				CODE_SIGN_ENTITLEMENTS = "";
				CODE_SIGN_STYLE = Automatic;
				CURRENT_PROJECT_VERSION = 1;
				DEVELOPMENT_TEAM = A5SHVFF2GG;
				GENERATE_INFOPLIST_FILE = YES;
				INFOPLIST_FILE = BoredApp/Application/Resources/Info.plist;
				INFOPLIST_KEY_UIApplicationSupportsIndirectInputEvents = YES;
				INFOPLIST_KEY_UILaunchStoryboardName = LaunchScreen;
				INFOPLIST_KEY_UIMainStoryboardFile = ActivityList;
				INFOPLIST_KEY_UIRequiresFullScreen = NO;
				INFOPLIST_KEY_UIStatusBarStyle = UIStatusBarStyleDarkContent;
				INFOPLIST_KEY_UISupportedInterfaceOrientations_iPad = "UIInterfaceOrientationPortrait UIInterfaceOrientationPortraitUpsideDown UIInterfaceOrientationLandscapeLeft UIInterfaceOrientationLandscapeRight";
				INFOPLIST_KEY_UISupportedInterfaceOrientations_iPhone = "UIInterfaceOrientationPortrait UIInterfaceOrientationLandscapeLeft UIInterfaceOrientationLandscapeRight";
				IPHONEOS_DEPLOYMENT_TARGET = 16.0;
				LD_RUNPATH_SEARCH_PATHS = (
					"$(inherited)",
					"@executable_path/Frameworks",
				);
				MARKETING_VERSION = 1.0;
				PRODUCT_BUNDLE_IDENTIFIER = trio.challenge.marcelocarvalho.com.BoredAppNo;
				PRODUCT_NAME = "$(TARGET_NAME)";
				SWIFT_EMIT_LOC_STRINGS = YES;
				SWIFT_VERSION = 5.0;
				TARGETED_DEVICE_FAMILY = "1,2";
			};
			name = Release;
		};
		C75C5A572A3377FE0090766E /* Debug */ = {
			isa = XCBuildConfiguration;
			buildSettings = {
				BUNDLE_LOADER = "$(TEST_HOST)";
				CODE_SIGN_STYLE = Automatic;
				CURRENT_PROJECT_VERSION = 1;
				GENERATE_INFOPLIST_FILE = YES;
				INFOPLIST_FILE = BoredAppTests/Info.plist;
				INFOPLIST_KEY_LSApplicationCategoryType = "";
				MARKETING_VERSION = 1.0;
				PRODUCT_BUNDLE_IDENTIFIER = trio.challenge.marcelocarvalho.com.BoredAppTests;
				PRODUCT_NAME = "$(TARGET_NAME)";
				SWIFT_EMIT_LOC_STRINGS = NO;
				SWIFT_VERSION = 5.0;
				TARGETED_DEVICE_FAMILY = "1,2";
				TEST_HOST = "$(BUILT_PRODUCTS_DIR)/BoredApp.app/$(BUNDLE_EXECUTABLE_FOLDER_PATH)/BoredApp";
			};
			name = Debug;
		};
		C75C5A582A3377FE0090766E /* Release */ = {
			isa = XCBuildConfiguration;
			buildSettings = {
				BUNDLE_LOADER = "$(TEST_HOST)";
				CODE_SIGN_STYLE = Automatic;
				CURRENT_PROJECT_VERSION = 1;
				GENERATE_INFOPLIST_FILE = YES;
				INFOPLIST_FILE = BoredAppTests/Info.plist;
				INFOPLIST_KEY_LSApplicationCategoryType = "";
				MARKETING_VERSION = 1.0;
				PRODUCT_BUNDLE_IDENTIFIER = trio.challenge.marcelocarvalho.com.BoredAppTests;
				PRODUCT_NAME = "$(TARGET_NAME)";
				SWIFT_EMIT_LOC_STRINGS = NO;
				SWIFT_VERSION = 5.0;
				TARGETED_DEVICE_FAMILY = "1,2";
				TEST_HOST = "$(BUILT_PRODUCTS_DIR)/BoredApp.app/$(BUNDLE_EXECUTABLE_FOLDER_PATH)/BoredApp";
			};
			name = Release;
		};
/* End XCBuildConfiguration section */

/* Begin XCConfigurationList section */
		C73DC1602A33703E00F2659B /* Build configuration list for PBXProject "BoredApp" */ = {
			isa = XCConfigurationList;
			buildConfigurations = (
				C73DC1772A33703F00F2659B /* Debug */,
				C73DC1782A33703F00F2659B /* Release */,
			);
			defaultConfigurationIsVisible = 0;
			defaultConfigurationName = Release;
		};
		C73DC1792A33703F00F2659B /* Build configuration list for PBXNativeTarget "BoredApp" */ = {
			isa = XCConfigurationList;
			buildConfigurations = (
				C73DC17A2A33703F00F2659B /* Debug */,
				C73DC17B2A33703F00F2659B /* Release */,
			);
			defaultConfigurationIsVisible = 0;
			defaultConfigurationName = Release;
		};
		C75C5A562A3377FE0090766E /* Build configuration list for PBXNativeTarget "BoredAppTests" */ = {
			isa = XCConfigurationList;
			buildConfigurations = (
				C75C5A572A3377FE0090766E /* Debug */,
				C75C5A582A3377FE0090766E /* Release */,
			);
			defaultConfigurationIsVisible = 0;
			defaultConfigurationName = Release;
		};
/* End XCConfigurationList section */

/* Begin XCVersionGroup section */
		C73D37812A351215006C1E82 /* BoredAppDataModel.xcdatamodeld */ = {
			isa = XCVersionGroup;
			children = (
				C73D37822A351215006C1E82 /* BoredAppDataModel.xcdatamodel */,
			);
			currentVersion = C73D37822A351215006C1E82 /* BoredAppDataModel.xcdatamodel */;
			path = BoredAppDataModel.xcdatamodeld;
			sourceTree = "<group>";
			versionGroupType = wrapper.xcdatamodel;
		};
/* End XCVersionGroup section */
	};
	rootObject = C73DC15D2A33703E00F2659B /* Project object */;
}
